
Microsoft Visual Studio Solution File, Format Version 12.00
# Visual Studio 2015
Project("{FAE04EC0-301F-11D3-BF4B-00C04F79EFBC}") = "BloodAndBile-Client", "BloodAndBile-Client.csproj", "{C94B5644-4B10-3290-1D6C-7B61A41797CE}"
EndProject
Project("{FAE04EC0-301F-11D3-BF4B-00C04F79EFBC}") = "BloodAndBile-Client.Editor", "BloodAndBile-Client.Editor.csproj", "{A85A78BA-FAAF-05E5-C2A7-98F0295147CA}"
EndProject
Global
	GlobalSection(SolutionConfigurationPlatforms) = preSolution
		Debug|Any CPU = Debug|Any CPU
		Release|Any CPU = Release|Any CPU
	EndGlobalSection
	GlobalSection(ProjectConfigurationPlatforms) = postSolution
		{C94B5644-4B10-3290-1D6C-7B61A41797CE}.Debug|Any CPU.ActiveCfg = Debug|Any CPU
		{C94B5644-4B10-3290-1D6C-7B61A41797CE}.Debug|Any CPU.Build.0 = Debug|Any CPU
		{C94B5644-4B10-3290-1D6C-7B61A41797CE}.Release|Any CPU.ActiveCfg = Release|Any CPU
		{C94B5644-4B10-3290-1D6C-7B61A41797CE}.Release|Any CPU.Build.0 = Release|Any CPU
		{A85A78BA-FAAF-05E5-C2A7-98F0295147CA}.Debug|Any CPU.ActiveCfg = Debug|Any CPU
		{A85A78BA-FAAF-05E5-C2A7-98F0295147CA}.Debug|Any CPU.Build.0 = Debug|Any CPU
		{A85A78BA-FAAF-05E5-C2A7-98F0295147CA}.Release|Any CPU.ActiveCfg = Release|Any CPU
		{A85A78BA-FAAF-05E5-C2A7-98F0295147CA}.Release|Any CPU.Build.0 = Release|Any CPU
	EndGlobalSection
	GlobalSection(SolutionProperties) = preSolution
		HideSolutionNode = FALSE
	EndGlobalSection
EndGlobal
